<Solution>
  <Configurations>
    <Platform Name="Any CPU" />
    <Platform Name="x86" />
  </Configurations>
  <Project Path="Latest Project/Latest Project.vbproj" Id="c25ef74b-5546-462f-9e32-72186b275f2e">
    <Platform Solution="*|x86" Project="x86" />
    <Build Solution="Debug|Any CPU" Project="false" />
  </Project>
</Solution>
